// !$*UTF8*$!
{
	archiveVersion = 1;
	classes = {
	};
	objectVersion = 46;
	objects = {

/* Begin PBXBuildFile section */
		F010E9161F02347D005B26C5 /* main.m in Sources */ = {isa = PBXBuildFile; fileRef = F010E9151F02347D005B26C5 /* main.m */; };
		F010E9191F02347D005B26C5 /* AppDelegate.m in Sources */ = {isa = PBXBuildFile; fileRef = F010E9181F02347D005B26C5 /* AppDelegate.m */; };
		F010E91C1F02347D005B26C5 /* ViewController.m in Sources */ = {isa = PBXBuildFile; fileRef = F010E91B1F02347D005B26C5 /* ViewController.m */; };
		F010E91F1F02347D005B26C5 /* Main.storyboard in Resources */ = {isa = PBXBuildFile; fileRef = F010E91D1F02347D005B26C5 /* Main.storyboard */; };
		F010E9211F02347D005B26C5 /* Assets.xcassets in Resources */ = {isa = PBXBuildFile; fileRef = F010E9201F02347D005B26C5 /* Assets.xcassets */; };
		F010E9241F02347D005B26C5 /* LaunchScreen.storyboard in Resources */ = {isa = PBXBuildFile; fileRef = F010E9221F02347D005B26C5 /* LaunchScreen.storyboard */; };
		F010E95A1F023793005B26C5 /* ESCalendarHelp.m in Sources */ = {isa = PBXBuildFile; fileRef = F010E94A1F023793005B26C5 /* ESCalendarHelp.m */; };
		F010E95B1F023793005B26C5 /* ESDateTextModel.m in Sources */ = {isa = PBXBuildFile; fileRef = F010E94D1F023793005B26C5 /* ESDateTextModel.m */; };
		F010E95C1F023793005B26C5 /* ESCalendarSetting.m in Sources */ = {isa = PBXBuildFile; fileRef = F010E9501F023793005B26C5 /* ESCalendarSetting.m */; };
		F010E95D1F023793005B26C5 /* ESCalendarView.m in Sources */ = {isa = PBXBuildFile; fileRef = F010E9531F023793005B26C5 /* ESCalendarView.m */; };
		F010E95E1F023793005B26C5 /* ESDateView.m in Sources */ = {isa = PBXBuildFile; fileRef = F010E9551F023793005B26C5 /* ESDateView.m */; };
		F010E95F1F023793005B26C5 /* ESMonthView.m in Sources */ = {isa = PBXBuildFile; fileRef = F010E9571F023793005B26C5 /* ESMonthView.m */; };
		F010E9601F023793005B26C5 /* ESWeekView.m in Sources */ = {isa = PBXBuildFile; fileRef = F010E9591F023793005B26C5 /* ESWeekView.m */; };
/* End PBXBuildFile section */

/* Begin PBXFileReference section */
		F010E9111F02347D005B26C5 /* ESCalendarView.app */ = {isa = PBXFileReference; explicitFileType = wrapper.application; includeInIndex = 0; path = ESCalendarView.app; sourceTree = BUILT_PRODUCTS_DIR; };
		F010E9151F02347D005B26C5 /* main.m */ = {isa = PBXFileReference; lastKnownFileType = sourcecode.c.objc; path = main.m; sourceTree = "<group>"; };
		F010E9171F02347D005B26C5 /* AppDelegate.h */ = {isa = PBXFileReference; lastKnownFileType = sourcecode.c.h; path = AppDelegate.h; sourceTree = "<group>"; };
		F010E9181F02347D005B26C5 /* AppDelegate.m */ = {isa = PBXFileReference; lastKnownFileType = sourcecode.c.objc; path = AppDelegate.m; sourceTree = "<group>"; };
		F010E91A1F02347D005B26C5 /* ViewController.h */ = {isa = PBXFileReference; lastKnownFileType = sourcecode.c.h; path = ViewController.h; sourceTree = "<group>"; };
		F010E91B1F02347D005B26C5 /* ViewController.m */ = {isa = PBXFileReference; lastKnownFileType = sourcecode.c.objc; path = ViewController.m; sourceTree = "<group>"; };
		F010E91E1F02347D005B26C5 /* Base */ = {isa = PBXFileReference; lastKnownFileType = file.storyboard; name = Base; path = Base.lproj/Main.storyboard; sourceTree = "<group>"; };
		F010E9201F02347D005B26C5 /* Assets.xcassets */ = {isa = PBXFileReference; lastKnownFileType = folder.assetcatalog; path = Assets.xcassets; sourceTree = "<group>"; };
		F010E9231F02347D005B26C5 /* Base */ = {isa = PBXFileReference; lastKnownFileType = file.storyboard; name = Base; path = Base.lproj/LaunchScreen.storyboard; sourceTree = "<group>"; };
		F010E9251F02347D005B26C5 /* Info.plist */ = {isa = PBXFileReference; lastKnownFileType = text.plist.xml; path = Info.plist; sourceTree = "<group>"; };
		F010E9481F023793005B26C5 /* CalendarDelegate.h */ = {isa = PBXFileReference; fileEncoding = 4; lastKnownFileType = sourcecode.c.h; path = CalendarDelegate.h; sourceTree = "<group>"; };
		F010E9491F023793005B26C5 /* ESCalendarHelp.h */ = {isa = PBXFileReference; fileEncoding = 4; lastKnownFileType = sourcecode.c.h; path = ESCalendarHelp.h; sourceTree = "<group>"; };
		F010E94A1F023793005B26C5 /* ESCalendarHelp.m */ = {isa = PBXFileReference; fileEncoding = 4; lastKnownFileType = sourcecode.c.objc; path = ESCalendarHelp.m; sourceTree = "<group>"; };
		F010E94C1F023793005B26C5 /* ESDateTextModel.h */ = {isa = PBXFileReference; fileEncoding = 4; lastKnownFileType = sourcecode.c.h; path = ESDateTextModel.h; sourceTree = "<group>"; };
		F010E94D1F023793005B26C5 /* ESDateTextModel.m */ = {isa = PBXFileReference; fileEncoding = 4; lastKnownFileType = sourcecode.c.objc; path = ESDateTextModel.m; sourceTree = "<group>"; };
		F010E94F1F023793005B26C5 /* ESCalendarSetting.h */ = {isa = PBXFileReference; fileEncoding = 4; lastKnownFileType = sourcecode.c.h; path = ESCalendarSetting.h; sourceTree = "<group>"; };
		F010E9501F023793005B26C5 /* ESCalendarSetting.m */ = {isa = PBXFileReference; fileEncoding = 4; lastKnownFileType = sourcecode.c.objc; path = ESCalendarSetting.m; sourceTree = "<group>"; };
		F010E9521F023793005B26C5 /* ESCalendarView.h */ = {isa = PBXFileReference; fileEncoding = 4; lastKnownFileType = sourcecode.c.h; path = ESCalendarView.h; sourceTree = "<group>"; };
		F010E9531F023793005B26C5 /* ESCalendarView.m */ = {isa = PBXFileReference; fileEncoding = 4; lastKnownFileType = sourcecode.c.objc; path = ESCalendarView.m; sourceTree = "<group>"; };
		F010E9541F023793005B26C5 /* ESDateView.h */ = {isa = PBXFileReference; fileEncoding = 4; lastKnownFileType = sourcecode.c.h; path = ESDateView.h; sourceTree = "<group>"; };
		F010E9551F023793005B26C5 /* ESDateView.m */ = {isa = PBXFileReference; fileEncoding = 4; lastKnownFileType = sourcecode.c.objc; path = ESDateView.m; sourceTree = "<group>"; };
		F010E9561F023793005B26C5 /* ESMonthView.h */ = {isa = PBXFileReference; fileEncoding = 4; lastKnownFileType = sourcecode.c.h; path = ESMonthView.h; sourceTree = "<group>"; };
		F010E9571F023793005B26C5 /* ESMonthView.m */ = {isa = PBXFileReference; fileEncoding = 4; lastKnownFileType = sourcecode.c.objc; path = ESMonthView.m; sourceTree = "<group>"; };
		F010E9581F023793005B26C5 /* ESWeekView.h */ = {isa = PBXFileReference; fileEncoding = 4; lastKnownFileType = sourcecode.c.h; path = ESWeekView.h; sourceTree = "<group>"; };
		F010E9591F023793005B26C5 /* ESWeekView.m */ = {isa = PBXFileReference; fileEncoding = 4; lastKnownFileType = sourcecode.c.objc; path = ESWeekView.m; sourceTree = "<group>"; };
/* End PBXFileReference section */

/* Begin PBXFrameworksBuildPhase section */
		F010E90E1F02347D005B26C5 /* Frameworks */ = {
			isa = PBXFrameworksBuildPhase;
			buildActionMask = 2147483647;
			files = (
			);
			runOnlyForDeploymentPostprocessing = 0;
		};
/* End PBXFrameworksBuildPhase section */

/* Begin PBXGroup section */
		F010E9081F02347D005B26C5 = {
			isa = PBXGroup;
			children = (
				F010E9131F02347D005B26C5 /* ESCalendarView */,
				F010E9121F02347D005B26C5 /* Products */,
			);
			sourceTree = "<group>";
		};
		F010E9121F02347D005B26C5 /* Products */ = {
			isa = PBXGroup;
			children = (
				F010E9111F02347D005B26C5 /* ESCalendarView.app */,
			);
			name = Products;
			sourceTree = "<group>";
		};
		F010E9131F02347D005B26C5 /* ESCalendarView */ = {
			isa = PBXGroup;
			children = (
				F010E9461F023793005B26C5 /* ESCalendarView */,
				F010E9171F02347D005B26C5 /* AppDelegate.h */,
				F010E9181F02347D005B26C5 /* AppDelegate.m */,
				F010E91A1F02347D005B26C5 /* ViewController.h */,
				F010E91B1F02347D005B26C5 /* ViewController.m */,
				F010E91D1F02347D005B26C5 /* Main.storyboard */,
				F010E9201F02347D005B26C5 /* Assets.xcassets */,
				F010E9221F02347D005B26C5 /* LaunchScreen.storyboard */,
				F010E9251F02347D005B26C5 /* Info.plist */,
				F010E9141F02347D005B26C5 /* Supporting Files */,
			);
			path = ESCalendarView;
			sourceTree = "<group>";
		};
		F010E9141F02347D005B26C5 /* Supporting Files */ = {
			isa = PBXGroup;
			children = (
				F010E9151F02347D005B26C5 /* main.m */,
			);
			name = "Supporting Files";
			sourceTree = "<group>";
		};
		F010E9461F023793005B26C5 /* ESCalendarView */ = {
			isa = PBXGroup;
			children = (
				F010E9471F023793005B26C5 /* Help */,
				F010E94B1F023793005B26C5 /* Model */,
				F010E94E1F023793005B26C5 /* Setting */,
				F010E9511F023793005B26C5 /* View */,
			);
			path = ESCalendarView;
			sourceTree = "<group>";
		};
		F010E9471F023793005B26C5 /* Help */ = {
			isa = PBXGroup;
			children = (
				F010E9481F023793005B26C5 /* CalendarDelegate.h */,
				F010E9491F023793005B26C5 /* ESCalendarHelp.h */,
				F010E94A1F023793005B26C5 /* ESCalendarHelp.m */,
			);
			path = Help;
			sourceTree = "<group>";
		};
		F010E94B1F023793005B26C5 /* Model */ = {
			isa = PBXGroup;
			children = (
				F010E94C1F023793005B26C5 /* ESDateTextModel.h */,
				F010E94D1F023793005B26C5 /* ESDateTextModel.m */,
			);
			path = Model;
			sourceTree = "<group>";
		};
		F010E94E1F023793005B26C5 /* Setting */ = {
			isa = PBXGroup;
			children = (
				F010E94F1F023793005B26C5 /* ESCalendarSetting.h */,
				F010E9501F023793005B26C5 /* ESCalendarSetting.m */,
			);
			path = Setting;
			sourceTree = "<group>";
		};
		F010E9511F023793005B26C5 /* View */ = {
			isa = PBXGroup;
			children = (
				F010E9521F023793005B26C5 /* ESCalendarView.h */,
				F010E9531F023793005B26C5 /* ESCalendarView.m */,
				F010E9541F023793005B26C5 /* ESDateView.h */,
				F010E9551F023793005B26C5 /* ESDateView.m */,
				F010E9561F023793005B26C5 /* ESMonthView.h */,
				F010E9571F023793005B26C5 /* ESMonthView.m */,
				F010E9581F023793005B26C5 /* ESWeekView.h */,
				F010E9591F023793005B26C5 /* ESWeekView.m */,
			);
			path = View;
			sourceTree = "<group>";
		};
/* End PBXGroup section */

/* Begin PBXNativeTarget section */
		F010E9101F02347D005B26C5 /* ESCalendarView */ = {
			isa = PBXNativeTarget;
			buildConfigurationList = F010E9281F02347D005B26C5 /* Build configuration list for PBXNativeTarget "ESCalendarView" */;
			buildPhases = (
				F010E90D1F02347D005B26C5 /* Sources */,
				F010E90E1F02347D005B26C5 /* Frameworks */,
				F010E90F1F02347D005B26C5 /* Resources */,
			);
			buildRules = (
			);
			dependencies = (
			);
			name = ESCalendarView;
			productName = ESCalendarView;
			productReference = F010E9111F02347D005B26C5 /* ESCalendarView.app */;
			productType = "com.apple.product-type.application";
		};
/* End PBXNativeTarget section */

/* Begin PBXProject section */
		F010E9091F02347D005B26C5 /* Project object */ = {
			isa = PBXProject;
			attributes = {
				LastUpgradeCheck = 0830;
				ORGANIZATIONNAME = xiang;
				TargetAttributes = {
					F010E9101F02347D005B26C5 = {
						CreatedOnToolsVersion = 8.3.3;
						DevelopmentTeam = S5BVK59226;
						ProvisioningStyle = Automatic;
					};
				};
			};
			buildConfigurationList = F010E90C1F02347D005B26C5 /* Build configuration list for PBXProject "ESCalendarView" */;
			compatibilityVersion = "Xcode 3.2";
			developmentRegion = English;
			hasScannedForEncodings = 0;
			knownRegions = (
				en,
				Base,
			);
			mainGroup = F010E9081F02347D005B26C5;
			productRefGroup = F010E9121F02347D005B26C5 /* Products */;
			projectDirPath = "";
			projectRoot = "";
			targets = (
				F010E9101F02347D005B26C5 /* ESCalendarView */,
			);
		};
/* End PBXProject section */

/* Begin PBXResourcesBuildPhase section */
		F010E90F1F02347D005B26C5 /* Resources */ = {
			isa = PBXResourcesBuildPhase;
			buildActionMask = 2147483647;
			files = (
				F010E9241F02347D005B26C5 /* LaunchScreen.storyboard in Resources */,
				F010E9211F02347D005B26C5 /* Assets.xcassets in Resources */,
				F010E91F1F02347D005B26C5 /* Main.storyboard in Resources */,
			);
			runOnlyForDeploymentPostprocessing = 0;
		};
/* End PBXResourcesBuildPhase section */

/* Begin PBXSourcesBuildPhase section */
		F010E90D1F02347D005B26C5 /* Sources */ = {
			isa = PBXSourcesBuildPhase;
			buildActionMask = 2147483647;
			files = (
				F010E95E1F023793005B26C5 /* ESDateView.m in Sources */,
				F010E95F1F023793005B26C5 /* ESMonthView.m in Sources */,
				F010E91C1F02347D005B26C5 /* ViewController.m in Sources */,
				F010E9191F02347D005B26C5 /* AppDelegate.m in Sources */,
				F010E95A1F023793005B26C5 /* ESCalendarHelp.m in Sources */,
				F010E95B1F023793005B26C5 /* ESDateTextModel.m in Sources */,
				F010E9601F023793005B26C5 /* ESWeekView.m in Sources */,
				F010E95C1F023793005B26C5 /* ESCalendarSetting.m in Sources */,
				F010E95D1F023793005B26C5 /* ESCalendarView.m in Sources */,
				F010E9161F02347D005B26C5 /* main.m in Sources */,
			);
			runOnlyForDeploymentPostprocessing = 0;
		};
/* End PBXSourcesBuildPhase section */

/* Begin PBXVariantGroup section */
		F010E91D1F02347D005B26C5 /* Main.storyboard */ = {
			isa = PBXVariantGroup;
			children = (
				F010E91E1F02347D005B26C5 /* Base */,
			);
			name = Main.storyboard;
			sourceTree = "<group>";
		};
		F010E9221F02347D005B26C5 /* LaunchScreen.storyboard */ = {
			isa = PBXVariantGroup;
			children = (
				F010E9231F02347D005B26C5 /* Base */,
			);
			name = LaunchScreen.storyboard;
			sourceTree = "<group>";
		};
/* End PBXVariantGroup section */

/* Begin XCBuildConfiguration section */
		F010E9261F02347D005B26C5 /* Debug */ = {
			isa = XCBuildConfiguration;
			buildSettings = {
				ALWAYS_SEARCH_USER_PATHS = NO;
				CLANG_ANALYZER_NONNULL = YES;
				CLANG_ANALYZER_NUMBER_OBJECT_CONVERSION = YES_AGGRESSIVE;
				CLANG_CXX_LANGUAGE_STANDARD = "gnu++0x";
				CLANG_CXX_LIBRARY = "libc++";
				CLANG_ENABLE_MODULES = YES;
				CLANG_ENABLE_OBJC_ARC = YES;
				CLANG_WARN_BOOL_CONVERSION = YES;
				CLANG_WARN_CONSTANT_CONVERSION = YES;
				CLANG_WARN_DIRECT_OBJC_ISA_USAGE = YES_ERROR;
				CLANG_WARN_DOCUMENTATION_COMMENTS = YES;
				CLANG_WARN_EMPTY_BODY = YES;
				CLANG_WARN_ENUM_CONVERSION = YES;
				CLANG_WARN_INFINITE_RECURSION = YES;
				CLANG_WARN_INT_CONVERSION = YES;
				CLANG_WARN_OBJC_ROOT_CLASS = YES_ERROR;
				CLANG_WARN_SUSPICIOUS_MOVE = YES;
				CLANG_WARN_UNREACHABLE_CODE = YES;
				CLANG_WARN__DUPLICATE_METHOD_MATCH = YES;
				"CODE_SIGN_IDENTITY[sdk=iphoneos*]" = "iPhone Developer";
				COPY_PHASE_STRIP = NO;
				DEBUG_INFORMATION_FORMAT = dwarf;
				ENABLE_STRICT_OBJC_MSGSEND = YES;
				ENABLE_TESTABILITY = YES;
				GCC_C_LANGUAGE_STANDARD = gnu99;
				GCC_DYNAMIC_NO_PIC = NO;
				GCC_NO_COMMON_BLOCKS = YES;
				GCC_OPTIMIZATION_LEVEL = 0;
				GCC_PREPROCESSOR_DEFINITIONS = (
					"DEBUG=1",
					"$(inherited)",
				);
				GCC_WARN_64_TO_32_BIT_CONVERSION = YES;
				GCC_WARN_ABOUT_RETURN_TYPE = YES_ERROR;
				GCC_WARN_UNDECLARED_SELECTOR = YES;
				GCC_WARN_UNINITIALIZED_AUTOS = YES_AGGRESSIVE;
				GCC_WARN_UNUSED_FUNCTION = YES;
				GCC_WARN_UNUSED_VARIABLE = YES;
				IPHONEOS_DEPLOYMENT_TARGET = 10.3;
				MTL_ENABLE_DEBUG_INFO = YES;
				ONLY_ACTIVE_ARCH = YES;
				SDKROOT = iphoneos;
			};
			name = Debug;
		};
		F010E9271F02347D005B26C5 /* Release */ = {
			isa = XCBuildConfiguration;
			buildSettings = {
				ALWAYS_SEARCH_USER_PATHS = NO;
				CLANG_ANALYZER_NONNULL = YES;
				CLANG_ANALYZER_NUMBER_OBJECT_CONVERSION = YES_AGGRESSIVE;
				CLANG_CXX_LANGUAGE_STANDARD = "gnu++0x";
				CLANG_CXX_LIBRARY = "libc++";
				CLANG_ENABLE_MODULES = YES;
				CLANG_ENABLE_OBJC_ARC = YES;
				CLANG_WARN_BOOL_CONVERSION = YES;
				CLANG_WARN_CONSTANT_CONVERSION = YES;
				CLANG_WARN_DIRECT_OBJC_ISA_USAGE = YES_ERROR;
				CLANG_WARN_DOCUMENTATION_COMMENTS = YES;
				CLANG_WARN_EMPTY_BODY = YES;
				CLANG_WARN_ENUM_CONVERSION = YES;
				CLANG_WARN_INFINITE_RECURSION = YES;
				CLANG_WARN_INT_CONVERSION = YES;
				CLANG_WARN_OBJC_ROOT_CLASS = YES_ERROR;
				CLANG_WARN_SUSPICIOUS_MOVE = YES;
				CLANG_WARN_UNREACHABLE_CODE = YES;
				CLANG_WARN__DUPLICATE_METHOD_MATCH = YES;
				"CODE_SIGN_IDENTITY[sdk=iphoneos*]" = "iPhone Developer";
				COPY_PHASE_STRIP = NO;
				DEBUG_INFORMATION_FORMAT = "dwarf-with-dsym";
				ENABLE_NS_ASSERTIONS = NO;
				ENABLE_STRICT_OBJC_MSGSEND = YES;
				GCC_C_LANGUAGE_STANDARD = gnu99;
				GCC_NO_COMMON_BLOCKS = YES;
				GCC_WARN_64_TO_32_BIT_CONVERSION = YES;
				GCC_WARN_ABOUT_RETURN_TYPE = YES_ERROR;
				GCC_WARN_UNDECLARED_SELECTOR = YES;
				GCC_WARN_UNINITIALIZED_AUTOS = YES_AGGRESSIVE;
				GCC_WARN_UNUSED_FUNCTION = YES;
				GCC_WARN_UNUSED_VARIABLE = YES;
				IPHONEOS_DEPLOYMENT_TARGET = 10.3;
				MTL_ENABLE_DEBUG_INFO = NO;
				SDKROOT = iphoneos;
				VALIDATE_PRODUCT = YES;
			};
			name = Release;
		};
		F010E9291F02347D005B26C5 /* Debug */ = {
			isa = XCBuildConfiguration;
			buildSettings = {
				ASSETCATALOG_COMPILER_APPICON_NAME = AppIcon;
				DEVELOPMENT_TEAM = S5BVK59226;
				INFOPLIST_FILE = ESCalendarView/Info.plist;
				LD_RUNPATH_SEARCH_PATHS = "$(inherited) @executable_path/Frameworks";
				PRODUCT_BUNDLE_IDENTIFIER = com.github.XMSECODE.ESCalendarView;
				PRODUCT_NAME = "$(TARGET_NAME)";
			};
			name = Debug;
		};
		F010E92A1F02347D005B26C5 /* Release */ = {
			isa = XCBuildConfiguration;
			buildSettings = {
				ASSETCATALOG_COMPILER_APPICON_NAME = AppIcon;
				DEVELOPMENT_TEAM = S5BVK59226;
				INFOPLIST_FILE = ESCalendarView/Info.plist;
				LD_RUNPATH_SEARCH_PATHS = "$(inherited) @executable_path/Frameworks";
				PRODUCT_BUNDLE_IDENTIFIER = com.github.XMSECODE.ESCalendarView;
				PRODUCT_NAME = "$(TARGET_NAME)";
			};
			name = Release;
		};
/* End XCBuildConfiguration section */

/* Begin XCConfigurationList section */
		F010E90C1F02347D005B26C5 /* Build configuration list for PBXProject "ESCalendarView" */ = {
			isa = XCConfigurationList;
			buildConfigurations = (
				F010E9261F02347D005B26C5 /* Debug */,
				F010E9271F02347D005B26C5 /* Release */,
			);
			defaultConfigurationIsVisible = 0;
			defaultConfigurationName = Release;
		};
		F010E9281F02347D005B26C5 /* Build configuration list for PBXNativeTarget "ESCalendarView" */ = {
			isa = XCConfigurationList;
			buildConfigurations = (
				F010E9291F02347D005B26C5 /* Debug */,
				F010E92A1F02347D005B26C5 /* Release */,
			);
			defaultConfigurationIsVisible = 0;
		};
/* End XCConfigurationList section */
	};
	rootObject = F010E9091F02347D005B26C5 /* Project object */;
}
